{
  "requires": true,
  "lockfileVersion": 1,
  "dependencies": {
    "chromatic": {
      "version": "6.4.3",
      "resolved": "https://registry.npmjs.org/chromatic/-/chromatic-6.4.3.tgz",
      "integrity": "sha512-Hxd85QNWwVo2VS9bIGa5bL06wjSt+EUT8ed48jnkOw7cnkkIQfnEVpwjOoZ/91C4rtRPw8w/2EwCHq+eWD4NNg==",
      "dev": true
    }
  }
}
